
Microsoft Visual Studio Solution File, Format Version 12.00
# Visual Studio Version 16
VisualStudioVersion = 16.0.33529.622
MinimumVisualStudioVersion = 10.0.40219.1
Project("{9A19103F-16F7-4668-BE54-9A1E7A4F7556}") = "MultiplyMatrix.Core", "MultiplyMatrix.Core\MultiplyMatrix.Core.csproj", "{DC234FB6-10BE-48B1-A0DF-55BF9659FB56}"
EndProject
Project("{9A19103F-16F7-4668-BE54-9A1E7A4F7556}") = "MultiplyMatrix.WebAPI", "MultiplyMatrix.WebAPI\MultiplyMatrix.WebAPI.csproj", "{E27C149C-F3E2-49B4-A7D2-EDEFBE4C7DCC}"
EndProject
Global
	GlobalSection(SolutionConfigurationPlatforms) = preSolution
		Debug|Any CPU = Debug|Any CPU
		Release|Any CPU = Release|Any CPU
	EndGlobalSection
	GlobalSection(ProjectConfigurationPlatforms) = postSolution
		{DC234FB6-10BE-48B1-A0DF-55BF9659FB56}.Debug|Any CPU.ActiveCfg = Debug|Any CPU
		{DC234FB6-10BE-48B1-A0DF-55BF9659FB56}.Debug|Any CPU.Build.0 = Debug|Any CPU
		{DC234FB6-10BE-48B1-A0DF-55BF9659FB56}.Release|Any CPU.ActiveCfg = Release|Any CPU
		{DC234FB6-10BE-48B1-A0DF-55BF9659FB56}.Release|Any CPU.Build.0 = Release|Any CPU
		{E27C149C-F3E2-49B4-A7D2-EDEFBE4C7DCC}.Debug|Any CPU.ActiveCfg = Debug|Any CPU
		{E27C149C-F3E2-49B4-A7D2-EDEFBE4C7DCC}.Debug|Any CPU.Build.0 = Debug|Any CPU
		{E27C149C-F3E2-49B4-A7D2-EDEFBE4C7DCC}.Release|Any CPU.ActiveCfg = Release|Any CPU
		{E27C149C-F3E2-49B4-A7D2-EDEFBE4C7DCC}.Release|Any CPU.Build.0 = Release|Any CPU
	EndGlobalSection
	GlobalSection(SolutionProperties) = preSolution
		HideSolutionNode = FALSE
	EndGlobalSection
	GlobalSection(ExtensibilityGlobals) = postSolution
		SolutionGuid = {0876B442-EB9E-47F9-A22D-951C7AB1B3BC}
	EndGlobalSection
EndGlobal
