
Microsoft Visual Studio Solution File, Format Version 12.00
# Visual Studio Version 16
VisualStudioVersion = 16.0.33529.622
MinimumVisualStudioVersion = 10.0.40219.1
Project("{FAE04EC0-301F-11D3-BF4B-00C04F79EFBC}") = "Lab8", "Lab8\Lab8.csproj", "{F3E622FC-ABC7-4F0C-B0D1-43FDC8AF845A}"
EndProject
Global
	GlobalSection(SolutionConfigurationPlatforms) = preSolution
		Debug|Any CPU = Debug|Any CPU
		Release|Any CPU = Release|Any CPU
	EndGlobalSection
	GlobalSection(ProjectConfigurationPlatforms) = postSolution
		{F3E622FC-ABC7-4F0C-B0D1-43FDC8AF845A}.Debug|Any CPU.ActiveCfg = Debug|Any CPU
		{F3E622FC-ABC7-4F0C-B0D1-43FDC8AF845A}.Debug|Any CPU.Build.0 = Debug|Any CPU
		{F3E622FC-ABC7-4F0C-B0D1-43FDC8AF845A}.Release|Any CPU.ActiveCfg = Release|Any CPU
		{F3E622FC-ABC7-4F0C-B0D1-43FDC8AF845A}.Release|Any CPU.Build.0 = Release|Any CPU
	EndGlobalSection
	GlobalSection(SolutionProperties) = preSolution
		HideSolutionNode = FALSE
	EndGlobalSection
	GlobalSection(ExtensibilityGlobals) = postSolution
		SolutionGuid = {0876B442-EB9E-47F9-A22D-951C7AB1B3BC}
	EndGlobalSection
EndGlobal
